// !$*UTF8*$!
{
	archiveVersion = 1;
	classes = {
	};
	objectVersion = 50;
	objects = {

/* Begin PBXBuildFile section */
		9BCF04BD2318CB4400EBE91B /* AppDelegate.swift in Sources */ = {isa = PBXBuildFile; fileRef = 9BCF04BC2318CB4400EBE91B /* AppDelegate.swift */; };
		9BCF04C22318CB4400EBE91B /* Main.storyboard in Resources */ = {isa = PBXBuildFile; fileRef = 9BCF04C02318CB4400EBE91B /* Main.storyboard */; };
		9BCF04C42318CB4600EBE91B /* Assets.xcassets in Resources */ = {isa = PBXBuildFile; fileRef = 9BCF04C32318CB4600EBE91B /* Assets.xcassets */; };
		9BCF04C72318CB4600EBE91B /* LaunchScreen.storyboard in Resources */ = {isa = PBXBuildFile; fileRef = 9BCF04C52318CB4600EBE91B /* LaunchScreen.storyboard */; };
		9BCF04DD2318CC1A00EBE91B /* 廣告 in Resources */ = {isa = PBXBuildFile; fileRef = 9BCF04D82318CC1A00EBE91B /* 廣告 */; };
		9BCF04DE2318CC1A00EBE91B /* Profile Picture in Resources */ = {isa = PBXBuildFile; fileRef = 9BCF04D92318CC1A00EBE91B /* Profile Picture */; };
		9BCF04DF2318CC1A00EBE91B /* 照片 in Resources */ = {isa = PBXBuildFile; fileRef = 9BCF04DA2318CC1A00EBE91B /* 照片 */; };
		9BCF04E02318CC1A00EBE91B /* icon(把這裡面的icon丟進assets資料夾中) in Resources */ = {isa = PBXBuildFile; fileRef = 9BCF04DB2318CC1A00EBE91B /* icon(把這裡面的icon丟進assets資料夾中) */; };
		9BCF04E12318CC1A00EBE91B /* DOFavoriteButton in Resources */ = {isa = PBXBuildFile; fileRef = 9BCF04DC2318CC1A00EBE91B /* DOFavoriteButton */; };
		9BCF04E52318CD6B00EBE91B /* MainCollectionViewController.swift in Sources */ = {isa = PBXBuildFile; fileRef = 9BCF04E42318CD6B00EBE91B /* MainCollectionViewController.swift */; };
		9BCF04E72318D8DA00EBE91B /* MainCollectionViewCell.swift in Sources */ = {isa = PBXBuildFile; fileRef = 9BCF04E62318D8DA00EBE91B /* MainCollectionViewCell.swift */; };
		9BCF04E923191BE500EBE91B /* ProfileViewController.swift in Sources */ = {isa = PBXBuildFile; fileRef = 9BCF04E823191BE500EBE91B /* ProfileViewController.swift */; };
		9BCF04EB23191D7800EBE91B /* dog.png in Resources */ = {isa = PBXBuildFile; fileRef = 9BCF04EA23191D7800EBE91B /* dog.png */; };
		9BCF04F0231927A400EBE91B /* PostData.swift in Sources */ = {isa = PBXBuildFile; fileRef = 9BCF04EF231927A400EBE91B /* PostData.swift */; };
/* End PBXBuildFile section */

/* Begin PBXFileReference section */
		9BCF04B92318CB4400EBE91B /* HaHow.app */ = {isa = PBXFileReference; explicitFileType = wrapper.application; includeInIndex = 0; path = HaHow.app; sourceTree = BUILT_PRODUCTS_DIR; };
		9BCF04BC2318CB4400EBE91B /* AppDelegate.swift */ = {isa = PBXFileReference; lastKnownFileType = sourcecode.swift; path = AppDelegate.swift; sourceTree = "<group>"; };
		9BCF04C12318CB4400EBE91B /* Base */ = {isa = PBXFileReference; lastKnownFileType = file.storyboard; name = Base; path = Base.lproj/Main.storyboard; sourceTree = "<group>"; };
		9BCF04C32318CB4600EBE91B /* Assets.xcassets */ = {isa = PBXFileReference; lastKnownFileType = folder.assetcatalog; path = Assets.xcassets; sourceTree = "<group>"; };
		9BCF04C62318CB4600EBE91B /* Base */ = {isa = PBXFileReference; lastKnownFileType = file.storyboard; name = Base; path = Base.lproj/LaunchScreen.storyboard; sourceTree = "<group>"; };
		9BCF04C82318CB4600EBE91B /* Info.plist */ = {isa = PBXFileReference; lastKnownFileType = text.plist.xml; path = Info.plist; sourceTree = "<group>"; };
		9BCF04D82318CC1A00EBE91B /* 廣告 */ = {isa = PBXFileReference; lastKnownFileType = folder; path = "廣告"; sourceTree = "<group>"; };
		9BCF04D92318CC1A00EBE91B /* Profile Picture */ = {isa = PBXFileReference; lastKnownFileType = folder; path = "Profile Picture"; sourceTree = "<group>"; };
		9BCF04DA2318CC1A00EBE91B /* 照片 */ = {isa = PBXFileReference; lastKnownFileType = folder; path = "照片"; sourceTree = "<group>"; };
		9BCF04DB2318CC1A00EBE91B /* icon(把這裡面的icon丟進assets資料夾中) */ = {isa = PBXFileReference; lastKnownFileType = folder; path = "icon(把這裡面的icon丟進assets資料夾中)"; sourceTree = "<group>"; };
		9BCF04DC2318CC1A00EBE91B /* DOFavoriteButton */ = {isa = PBXFileReference; lastKnownFileType = folder; path = DOFavoriteButton; sourceTree = "<group>"; };
		9BCF04E42318CD6B00EBE91B /* MainCollectionViewController.swift */ = {isa = PBXFileReference; lastKnownFileType = sourcecode.swift; path = MainCollectionViewController.swift; sourceTree = "<group>"; };
		9BCF04E62318D8DA00EBE91B /* MainCollectionViewCell.swift */ = {isa = PBXFileReference; lastKnownFileType = sourcecode.swift; path = MainCollectionViewCell.swift; sourceTree = "<group>"; };
		9BCF04E823191BE500EBE91B /* ProfileViewController.swift */ = {isa = PBXFileReference; lastKnownFileType = sourcecode.swift; path = ProfileViewController.swift; sourceTree = "<group>"; };
		9BCF04EA23191D7800EBE91B /* dog.png */ = {isa = PBXFileReference; lastKnownFileType = image.png; path = dog.png; sourceTree = "<group>"; };
		9BCF04EF231927A400EBE91B /* PostData.swift */ = {isa = PBXFileReference; lastKnownFileType = sourcecode.swift; path = PostData.swift; sourceTree = "<group>"; };
/* End PBXFileReference section */

/* Begin PBXFrameworksBuildPhase section */
		9BCF04B62318CB4400EBE91B /* Frameworks */ = {
			isa = PBXFrameworksBuildPhase;
			buildActionMask = 2147483647;
			files = (
			);
			runOnlyForDeploymentPostprocessing = 0;
		};
/* End PBXFrameworksBuildPhase section */

/* Begin PBXGroup section */
		9BCF04B02318CB4400EBE91B = {
			isa = PBXGroup;
			children = (
				9BCF04BB2318CB4400EBE91B /* HaHow */,
				9BCF04BA2318CB4400EBE91B /* Products */,
			);
			sourceTree = "<group>";
		};
		9BCF04BA2318CB4400EBE91B /* Products */ = {
			isa = PBXGroup;
			children = (
				9BCF04B92318CB4400EBE91B /* HaHow.app */,
			);
			name = Products;
			sourceTree = "<group>";
		};
		9BCF04BB2318CB4400EBE91B /* HaHow */ = {
			isa = PBXGroup;
			children = (
				9BCF04BC2318CB4400EBE91B /* AppDelegate.swift */,
				9BCF04C02318CB4400EBE91B /* Main.storyboard */,
				9BCF04C32318CB4600EBE91B /* Assets.xcassets */,
				9BCF04EA23191D7800EBE91B /* dog.png */,
				9BCF04DA2318CC1A00EBE91B /* 照片 */,
				9BCF04D82318CC1A00EBE91B /* 廣告 */,
				9BCF04DC2318CC1A00EBE91B /* DOFavoriteButton */,
				9BCF04DB2318CC1A00EBE91B /* icon(把這裡面的icon丟進assets資料夾中) */,
				9BCF04D92318CC1A00EBE91B /* Profile Picture */,
				9BCF04C52318CB4600EBE91B /* LaunchScreen.storyboard */,
				9BCF04C82318CB4600EBE91B /* Info.plist */,
				9BCF04E42318CD6B00EBE91B /* MainCollectionViewController.swift */,
				9BCF04E62318D8DA00EBE91B /* MainCollectionViewCell.swift */,
				9BCF04E823191BE500EBE91B /* ProfileViewController.swift */,
				9BCF04EF231927A400EBE91B /* PostData.swift */,
			);
			path = HaHow;
			sourceTree = "<group>";
		};
/* End PBXGroup section */

/* Begin PBXNativeTarget section */
		9BCF04B82318CB4400EBE91B /* HaHow */ = {
			isa = PBXNativeTarget;
			buildConfigurationList = 9BCF04CB2318CB4600EBE91B /* Build configuration list for PBXNativeTarget "HaHow" */;
			buildPhases = (
				9BCF04B52318CB4400EBE91B /* Sources */,
				9BCF04B62318CB4400EBE91B /* Frameworks */,
				9BCF04B72318CB4400EBE91B /* Resources */,
			);
			buildRules = (
			);
			dependencies = (
			);
			name = HaHow;
			productName = HaHow;
			productReference = 9BCF04B92318CB4400EBE91B /* HaHow.app */;
			productType = "com.apple.product-type.application";
		};
/* End PBXNativeTarget section */

/* Begin PBXProject section */
		9BCF04B12318CB4400EBE91B /* Project object */ = {
			isa = PBXProject;
			attributes = {
				LastSwiftUpdateCheck = 1030;
				LastUpgradeCheck = 1030;
				ORGANIZATIONNAME = ChenLiHan;
				TargetAttributes = {
					9BCF04B82318CB4400EBE91B = {
						CreatedOnToolsVersion = 10.3;
					};
				};
			};
			buildConfigurationList = 9BCF04B42318CB4400EBE91B /* Build configuration list for PBXProject "HaHow" */;
			compatibilityVersion = "Xcode 9.3";
			developmentRegion = en;
			hasScannedForEncodings = 0;
			knownRegions = (
				en,
				Base,
			);
			mainGroup = 9BCF04B02318CB4400EBE91B;
			productRefGroup = 9BCF04BA2318CB4400EBE91B /* Products */;
			projectDirPath = "";
			projectRoot = "";
			targets = (
				9BCF04B82318CB4400EBE91B /* HaHow */,
			);
		};
/* End PBXProject section */

/* Begin PBXResourcesBuildPhase section */
		9BCF04B72318CB4400EBE91B /* Resources */ = {
			isa = PBXResourcesBuildPhase;
			buildActionMask = 2147483647;
			files = (
				9BCF04E02318CC1A00EBE91B /* icon(把這裡面的icon丟進assets資料夾中) in Resources */,
				9BCF04C72318CB4600EBE91B /* LaunchScreen.storyboard in Resources */,
				9BCF04DE2318CC1A00EBE91B /* Profile Picture in Resources */,
				9BCF04EB23191D7800EBE91B /* dog.png in Resources */,
				9BCF04DF2318CC1A00EBE91B /* 照片 in Resources */,
				9BCF04C42318CB4600EBE91B /* Assets.xcassets in Resources */,
				9BCF04C22318CB4400EBE91B /* Main.storyboard in Resources */,
				9BCF04DD2318CC1A00EBE91B /* 廣告 in Resources */,
				9BCF04E12318CC1A00EBE91B /* DOFavoriteButton in Resources */,
			);
			runOnlyForDeploymentPostprocessing = 0;
		};
/* End PBXResourcesBuildPhase section */

/* Begin PBXSourcesBuildPhase section */
		9BCF04B52318CB4400EBE91B /* Sources */ = {
			isa = PBXSourcesBuildPhase;
			buildActionMask = 2147483647;
			files = (
				9BCF04F0231927A400EBE91B /* PostData.swift in Sources */,
				9BCF04BD2318CB4400EBE91B /* AppDelegate.swift in Sources */,
				9BCF04E72318D8DA00EBE91B /* MainCollectionViewCell.swift in Sources */,
				9BCF04E923191BE500EBE91B /* ProfileViewController.swift in Sources */,
				9BCF04E52318CD6B00EBE91B /* MainCollectionViewController.swift in Sources */,
			);
			runOnlyForDeploymentPostprocessing = 0;
		};
/* End PBXSourcesBuildPhase section */

/* Begin PBXVariantGroup section */
		9BCF04C02318CB4400EBE91B /* Main.storyboard */ = {
			isa = PBXVariantGroup;
			children = (
				9BCF04C12318CB4400EBE91B /* Base */,
			);
			name = Main.storyboard;
			sourceTree = "<group>";
		};
		9BCF04C52318CB4600EBE91B /* LaunchScreen.storyboard */ = {
			isa = PBXVariantGroup;
			children = (
				9BCF04C62318CB4600EBE91B /* Base */,
			);
			name = LaunchScreen.storyboard;
			sourceTree = "<group>";
		};
/* End PBXVariantGroup section */

/* Begin XCBuildConfiguration section */
		9BCF04C92318CB4600EBE91B /* Debug */ = {
			isa = XCBuildConfiguration;
			buildSettings = {
				ALWAYS_SEARCH_USER_PATHS = NO;
				CLANG_ANALYZER_NONNULL = YES;
				CLANG_ANALYZER_NUMBER_OBJECT_CONVERSION = YES_AGGRESSIVE;
				CLANG_CXX_LANGUAGE_STANDARD = "gnu++14";
				CLANG_CXX_LIBRARY = "libc++";
				CLANG_ENABLE_MODULES = YES;
				CLANG_ENABLE_OBJC_ARC = YES;
				CLANG_ENABLE_OBJC_WEAK = YES;
				CLANG_WARN_BLOCK_CAPTURE_AUTORELEASING = YES;
				CLANG_WARN_BOOL_CONVERSION = YES;
				CLANG_WARN_COMMA = YES;
				CLANG_WARN_CONSTANT_CONVERSION = YES;
				CLANG_WARN_DEPRECATED_OBJC_IMPLEMENTATIONS = YES;
				CLANG_WARN_DIRECT_OBJC_ISA_USAGE = YES_ERROR;
				CLANG_WARN_DOCUMENTATION_COMMENTS = YES;
				CLANG_WARN_EMPTY_BODY = YES;
				CLANG_WARN_ENUM_CONVERSION = YES;
				CLANG_WARN_INFINITE_RECURSION = YES;
				CLANG_WARN_INT_CONVERSION = YES;
				CLANG_WARN_NON_LITERAL_NULL_CONVERSION = YES;
				CLANG_WARN_OBJC_IMPLICIT_RETAIN_SELF = YES;
				CLANG_WARN_OBJC_LITERAL_CONVERSION = YES;
				CLANG_WARN_OBJC_ROOT_CLASS = YES_ERROR;
				CLANG_WARN_RANGE_LOOP_ANALYSIS = YES;
				CLANG_WARN_STRICT_PROTOTYPES = YES;
				CLANG_WARN_SUSPICIOUS_MOVE = YES;
				CLANG_WARN_UNGUARDED_AVAILABILITY = YES_AGGRESSIVE;
				CLANG_WARN_UNREACHABLE_CODE = YES;
				CLANG_WARN__DUPLICATE_METHOD_MATCH = YES;
				CODE_SIGN_IDENTITY = "iPhone Developer";
				COPY_PHASE_STRIP = NO;
				DEBUG_INFORMATION_FORMAT = dwarf;
				ENABLE_STRICT_OBJC_MSGSEND = YES;
				ENABLE_TESTABILITY = YES;
				GCC_C_LANGUAGE_STANDARD = gnu11;
				GCC_DYNAMIC_NO_PIC = NO;
				GCC_NO_COMMON_BLOCKS = YES;
				GCC_OPTIMIZATION_LEVEL = 0;
				GCC_PREPROCESSOR_DEFINITIONS = (
					"DEBUG=1",
					"$(inherited)",
				);
				GCC_WARN_64_TO_32_BIT_CONVERSION = YES;
				GCC_WARN_ABOUT_RETURN_TYPE = YES_ERROR;
				GCC_WARN_UNDECLARED_SELECTOR = YES;
				GCC_WARN_UNINITIALIZED_AUTOS = YES_AGGRESSIVE;
				GCC_WARN_UNUSED_FUNCTION = YES;
				GCC_WARN_UNUSED_VARIABLE = YES;
				IPHONEOS_DEPLOYMENT_TARGET = 12.4;
				MTL_ENABLE_DEBUG_INFO = INCLUDE_SOURCE;
				MTL_FAST_MATH = YES;
				ONLY_ACTIVE_ARCH = YES;
				SDKROOT = iphoneos;
				SWIFT_ACTIVE_COMPILATION_CONDITIONS = DEBUG;
				SWIFT_OPTIMIZATION_LEVEL = "-Onone";
			};
			name = Debug;
		};
		9BCF04CA2318CB4600EBE91B /* Release */ = {
			isa = XCBuildConfiguration;
			buildSettings = {
				ALWAYS_SEARCH_USER_PATHS = NO;
				CLANG_ANALYZER_NONNULL = YES;
				CLANG_ANALYZER_NUMBER_OBJECT_CONVERSION = YES_AGGRESSIVE;
				CLANG_CXX_LANGUAGE_STANDARD = "gnu++14";
				CLANG_CXX_LIBRARY = "libc++";
				CLANG_ENABLE_MODULES = YES;
				CLANG_ENABLE_OBJC_ARC = YES;
				CLANG_ENABLE_OBJC_WEAK = YES;
				CLANG_WARN_BLOCK_CAPTURE_AUTORELEASING = YES;
				CLANG_WARN_BOOL_CONVERSION = YES;
				CLANG_WARN_COMMA = YES;
				CLANG_WARN_CONSTANT_CONVERSION = YES;
				CLANG_WARN_DEPRECATED_OBJC_IMPLEMENTATIONS = YES;
				CLANG_WARN_DIRECT_OBJC_ISA_USAGE = YES_ERROR;
				CLANG_WARN_DOCUMENTATION_COMMENTS = YES;
				CLANG_WARN_EMPTY_BODY = YES;
				CLANG_WARN_ENUM_CONVERSION = YES;
				CLANG_WARN_INFINITE_RECURSION = YES;
				CLANG_WARN_INT_CONVERSION = YES;
				CLANG_WARN_NON_LITERAL_NULL_CONVERSION = YES;
				CLANG_WARN_OBJC_IMPLICIT_RETAIN_SELF = YES;
				CLANG_WARN_OBJC_LITERAL_CONVERSION = YES;
				CLANG_WARN_OBJC_ROOT_CLASS = YES_ERROR;
				CLANG_WARN_RANGE_LOOP_ANALYSIS = YES;
				CLANG_WARN_STRICT_PROTOTYPES = YES;
				CLANG_WARN_SUSPICIOUS_MOVE = YES;
				CLANG_WARN_UNGUARDED_AVAILABILITY = YES_AGGRESSIVE;
				CLANG_WARN_UNREACHABLE_CODE = YES;
				CLANG_WARN__DUPLICATE_METHOD_MATCH = YES;
				CODE_SIGN_IDENTITY = "iPhone Developer";
				COPY_PHASE_STRIP = NO;
				DEBUG_INFORMATION_FORMAT = "dwarf-with-dsym";
				ENABLE_NS_ASSERTIONS = NO;
				ENABLE_STRICT_OBJC_MSGSEND = YES;
				GCC_C_LANGUAGE_STANDARD = gnu11;
				GCC_NO_COMMON_BLOCKS = YES;
				GCC_WARN_64_TO_32_BIT_CONVERSION = YES;
				GCC_WARN_ABOUT_RETURN_TYPE = YES_ERROR;
				GCC_WARN_UNDECLARED_SELECTOR = YES;
				GCC_WARN_UNINITIALIZED_AUTOS = YES_AGGRESSIVE;
				GCC_WARN_UNUSED_FUNCTION = YES;
				GCC_WARN_UNUSED_VARIABLE = YES;
				IPHONEOS_DEPLOYMENT_TARGET = 12.4;
				MTL_ENABLE_DEBUG_INFO = NO;
				MTL_FAST_MATH = YES;
				SDKROOT = iphoneos;
				SWIFT_COMPILATION_MODE = wholemodule;
				SWIFT_OPTIMIZATION_LEVEL = "-O";
				VALIDATE_PRODUCT = YES;
			};
			name = Release;
		};
		9BCF04CC2318CB4600EBE91B /* Debug */ = {
			isa = XCBuildConfiguration;
			buildSettings = {
				ASSETCATALOG_COMPILER_APPICON_NAME = AppIcon;
				CODE_SIGN_STYLE = Automatic;
				DEVELOPMENT_TEAM = V9B98DMZU5;
				INFOPLIST_FILE = HaHow/Info.plist;
				IPHONEOS_DEPLOYMENT_TARGET = 12.0;
				LD_RUNPATH_SEARCH_PATHS = (
					"$(inherited)",
					"@executable_path/Frameworks",
				);
				PRODUCT_BUNDLE_IDENTIFIER = lee.HaHow;
				PRODUCT_NAME = "$(TARGET_NAME)";
				SWIFT_VERSION = 5.0;
				TARGETED_DEVICE_FAMILY = 1;
			};
			name = Debug;
		};
		9BCF04CD2318CB4600EBE91B /* Release */ = {
			isa = XCBuildConfiguration;
			buildSettings = {
				ASSETCATALOG_COMPILER_APPICON_NAME = AppIcon;
				CODE_SIGN_STYLE = Automatic;
				DEVELOPMENT_TEAM = V9B98DMZU5;
				INFOPLIST_FILE = HaHow/Info.plist;
				IPHONEOS_DEPLOYMENT_TARGET = 12.0;
				LD_RUNPATH_SEARCH_PATHS = (
					"$(inherited)",
					"@executable_path/Frameworks",
				);
				PRODUCT_BUNDLE_IDENTIFIER = lee.HaHow;
				PRODUCT_NAME = "$(TARGET_NAME)";
				SWIFT_VERSION = 5.0;
				TARGETED_DEVICE_FAMILY = 1;
			};
			name = Release;
		};
/* End XCBuildConfiguration section */

/* Begin XCConfigurationList section */
		9BCF04B42318CB4400EBE91B /* Build configuration list for PBXProject "HaHow" */ = {
			isa = XCConfigurationList;
			buildConfigurations = (
				9BCF04C92318CB4600EBE91B /* Debug */,
				9BCF04CA2318CB4600EBE91B /* Release */,
			);
			defaultConfigurationIsVisible = 0;
			defaultConfigurationName = Release;
		};
		9BCF04CB2318CB4600EBE91B /* Build configuration list for PBXNativeTarget "HaHow" */ = {
			isa = XCConfigurationList;
			buildConfigurations = (
				9BCF04CC2318CB4600EBE91B /* Debug */,
				9BCF04CD2318CB4600EBE91B /* Release */,
			);
			defaultConfigurationIsVisible = 0;
			defaultConfigurationName = Release;
		};
/* End XCConfigurationList section */
	};
	rootObject = 9BCF04B12318CB4400EBE91B /* Project object */;
}
